// !$*UTF8*$!
{
	archiveVersion = 1;
	classes = {
	};
	objectVersion = 50;
	objects = {

/* Begin PBXBuildFile section */
		EAB7CC1E20FC7726006D9C49 /* AppDelegate.swift in Sources */ = {isa = PBXBuildFile; fileRef = EAB7CC1D20FC7726006D9C49 /* AppDelegate.swift */; };
		EAB7CC2020FC7726006D9C49 /* ViewController.swift in Sources */ = {isa = PBXBuildFile; fileRef = EAB7CC1F20FC7726006D9C49 /* ViewController.swift */; };
		EAB7CC2320FC7726006D9C49 /* Main.storyboard in Resources */ = {isa = PBXBuildFile; fileRef = EAB7CC2120FC7726006D9C49 /* Main.storyboard */; };
		EAB7CC2520FC772A006D9C49 /* Assets.xcassets in Resources */ = {isa = PBXBuildFile; fileRef = EAB7CC2420FC772A006D9C49 /* Assets.xcassets */; };
		EAB7CC2820FC772A006D9C49 /* LaunchScreen.storyboard in Resources */ = {isa = PBXBuildFile; fileRef = EAB7CC2620FC772A006D9C49 /* LaunchScreen.storyboard */; };
		EAB7CC3320FC772A006D9C49 /* CoreGraphicsTests.swift in Sources */ = {isa = PBXBuildFile; fileRef = EAB7CC3220FC772A006D9C49 /* CoreGraphicsTests.swift */; };
		EAB7CC3E20FC772A006D9C49 /* CoreGraphicsUITests.swift in Sources */ = {isa = PBXBuildFile; fileRef = EAB7CC3D20FC772A006D9C49 /* CoreGraphicsUITests.swift */; };
/* End PBXBuildFile section */

/* Begin PBXContainerItemProxy section */
		EAB7CC2F20FC772A006D9C49 /* PBXContainerItemProxy */ = {
			isa = PBXContainerItemProxy;
			containerPortal = EAB7CC1220FC7726006D9C49 /* Project object */;
			proxyType = 1;
			remoteGlobalIDString = EAB7CC1920FC7726006D9C49;
			remoteInfo = CoreGraphics;
		};
		EAB7CC3A20FC772A006D9C49 /* PBXContainerItemProxy */ = {
			isa = PBXContainerItemProxy;
			containerPortal = EAB7CC1220FC7726006D9C49 /* Project object */;
			proxyType = 1;
			remoteGlobalIDString = EAB7CC1920FC7726006D9C49;
			remoteInfo = CoreGraphics;
		};
/* End PBXContainerItemProxy section */

/* Begin PBXFileReference section */
		EAB7CC1A20FC7726006D9C49 /* CoreGraphics.app */ = {isa = PBXFileReference; explicitFileType = wrapper.application; includeInIndex = 0; path = CoreGraphics.app; sourceTree = BUILT_PRODUCTS_DIR; };
		EAB7CC1D20FC7726006D9C49 /* AppDelegate.swift */ = {isa = PBXFileReference; lastKnownFileType = sourcecode.swift; path = AppDelegate.swift; sourceTree = "<group>"; };
		EAB7CC1F20FC7726006D9C49 /* ViewController.swift */ = {isa = PBXFileReference; lastKnownFileType = sourcecode.swift; path = ViewController.swift; sourceTree = "<group>"; };
		EAB7CC2220FC7726006D9C49 /* Base */ = {isa = PBXFileReference; lastKnownFileType = file.storyboard; name = Base; path = Base.lproj/Main.storyboard; sourceTree = "<group>"; };
		EAB7CC2420FC772A006D9C49 /* Assets.xcassets */ = {isa = PBXFileReference; lastKnownFileType = folder.assetcatalog; path = Assets.xcassets; sourceTree = "<group>"; };
		EAB7CC2720FC772A006D9C49 /* Base */ = {isa = PBXFileReference; lastKnownFileType = file.storyboard; name = Base; path = Base.lproj/LaunchScreen.storyboard; sourceTree = "<group>"; };
		EAB7CC2920FC772A006D9C49 /* Info.plist */ = {isa = PBXFileReference; lastKnownFileType = text.plist.xml; path = Info.plist; sourceTree = "<group>"; };
		EAB7CC2E20FC772A006D9C49 /* CoreGraphicsTests.xctest */ = {isa = PBXFileReference; explicitFileType = wrapper.cfbundle; includeInIndex = 0; path = CoreGraphicsTests.xctest; sourceTree = BUILT_PRODUCTS_DIR; };
		EAB7CC3220FC772A006D9C49 /* CoreGraphicsTests.swift */ = {isa = PBXFileReference; lastKnownFileType = sourcecode.swift; path = CoreGraphicsTests.swift; sourceTree = "<group>"; };
		EAB7CC3420FC772A006D9C49 /* Info.plist */ = {isa = PBXFileReference; lastKnownFileType = text.plist.xml; path = Info.plist; sourceTree = "<group>"; };
		EAB7CC3920FC772A006D9C49 /* CoreGraphicsUITests.xctest */ = {isa = PBXFileReference; explicitFileType = wrapper.cfbundle; includeInIndex = 0; path = CoreGraphicsUITests.xctest; sourceTree = BUILT_PRODUCTS_DIR; };
		EAB7CC3D20FC772A006D9C49 /* CoreGraphicsUITests.swift */ = {isa = PBXFileReference; lastKnownFileType = sourcecode.swift; path = CoreGraphicsUITests.swift; sourceTree = "<group>"; };
		EAB7CC3F20FC772A006D9C49 /* Info.plist */ = {isa = PBXFileReference; lastKnownFileType = text.plist.xml; path = Info.plist; sourceTree = "<group>"; };
/* End PBXFileReference section */

/* Begin PBXFrameworksBuildPhase section */
		EAB7CC1720FC7726006D9C49 /* Frameworks */ = {
			isa = PBXFrameworksBuildPhase;
			buildActionMask = 2147483647;
			files = (
			);
			runOnlyForDeploymentPostprocessing = 0;
		};
		EAB7CC2B20FC772A006D9C49 /* Frameworks */ = {
			isa = PBXFrameworksBuildPhase;
			buildActionMask = 2147483647;
			files = (
			);
			runOnlyForDeploymentPostprocessing = 0;
		};
		EAB7CC3620FC772A006D9C49 /* Frameworks */ = {
			isa = PBXFrameworksBuildPhase;
			buildActionMask = 2147483647;
			files = (
			);
			runOnlyForDeploymentPostprocessing = 0;
		};
/* End PBXFrameworksBuildPhase section */

/* Begin PBXGroup section */
		EAB7CC1120FC7726006D9C49 = {
			isa = PBXGroup;
			children = (
				EAB7CC1C20FC7726006D9C49 /* CoreGraphics */,
				EAB7CC3120FC772A006D9C49 /* CoreGraphicsTests */,
				EAB7CC3C20FC772A006D9C49 /* CoreGraphicsUITests */,
				EAB7CC1B20FC7726006D9C49 /* Products */,
			);
			sourceTree = "<group>";
		};
		EAB7CC1B20FC7726006D9C49 /* Products */ = {
			isa = PBXGroup;
			children = (
				EAB7CC1A20FC7726006D9C49 /* CoreGraphics.app */,
				EAB7CC2E20FC772A006D9C49 /* CoreGraphicsTests.xctest */,
				EAB7CC3920FC772A006D9C49 /* CoreGraphicsUITests.xctest */,
			);
			name = Products;
			sourceTree = "<group>";
		};
		EAB7CC1C20FC7726006D9C49 /* CoreGraphics */ = {
			isa = PBXGroup;
			children = (
				EAB7CC1D20FC7726006D9C49 /* AppDelegate.swift */,
				EAB7CC1F20FC7726006D9C49 /* ViewController.swift */,
				EAB7CC2120FC7726006D9C49 /* Main.storyboard */,
				EAB7CC2420FC772A006D9C49 /* Assets.xcassets */,
				EAB7CC2620FC772A006D9C49 /* LaunchScreen.storyboard */,
				EAB7CC2920FC772A006D9C49 /* Info.plist */,
			);
			path = CoreGraphics;
			sourceTree = "<group>";
		};
		EAB7CC3120FC772A006D9C49 /* CoreGraphicsTests */ = {
			isa = PBXGroup;
			children = (
				EAB7CC3220FC772A006D9C49 /* CoreGraphicsTests.swift */,
				EAB7CC3420FC772A006D9C49 /* Info.plist */,
			);
			path = CoreGraphicsTests;
			sourceTree = "<group>";
		};
		EAB7CC3C20FC772A006D9C49 /* CoreGraphicsUITests */ = {
			isa = PBXGroup;
			children = (
				EAB7CC3D20FC772A006D9C49 /* CoreGraphicsUITests.swift */,
				EAB7CC3F20FC772A006D9C49 /* Info.plist */,
			);
			path = CoreGraphicsUITests;
			sourceTree = "<group>";
		};
/* End PBXGroup section */

/* Begin PBXNativeTarget section */
		EAB7CC1920FC7726006D9C49 /* CoreGraphics */ = {
			isa = PBXNativeTarget;
			buildConfigurationList = EAB7CC4220FC772A006D9C49 /* Build configuration list for PBXNativeTarget "CoreGraphics" */;
			buildPhases = (
				EAB7CC1620FC7726006D9C49 /* Sources */,
				EAB7CC1720FC7726006D9C49 /* Frameworks */,
				EAB7CC1820FC7726006D9C49 /* Resources */,
			);
			buildRules = (
			);
			dependencies = (
			);
			name = CoreGraphics;
			productName = CoreGraphics;
			productReference = EAB7CC1A20FC7726006D9C49 /* CoreGraphics.app */;
			productType = "com.apple.product-type.application";
		};
		EAB7CC2D20FC772A006D9C49 /* CoreGraphicsTests */ = {
			isa = PBXNativeTarget;
			buildConfigurationList = EAB7CC4520FC772A006D9C49 /* Build configuration list for PBXNativeTarget "CoreGraphicsTests" */;
			buildPhases = (
				EAB7CC2A20FC772A006D9C49 /* Sources */,
				EAB7CC2B20FC772A006D9C49 /* Frameworks */,
				EAB7CC2C20FC772A006D9C49 /* Resources */,
			);
			buildRules = (
			);
			dependencies = (
				EAB7CC3020FC772A006D9C49 /* PBXTargetDependency */,
			);
			name = CoreGraphicsTests;
			productName = CoreGraphicsTests;
			productReference = EAB7CC2E20FC772A006D9C49 /* CoreGraphicsTests.xctest */;
			productType = "com.apple.product-type.bundle.unit-test";
		};
		EAB7CC3820FC772A006D9C49 /* CoreGraphicsUITests */ = {
			isa = PBXNativeTarget;
			buildConfigurationList = EAB7CC4820FC772A006D9C49 /* Build configuration list for PBXNativeTarget "CoreGraphicsUITests" */;
			buildPhases = (
				EAB7CC3520FC772A006D9C49 /* Sources */,
				EAB7CC3620FC772A006D9C49 /* Frameworks */,
				EAB7CC3720FC772A006D9C49 /* Resources */,
			);
			buildRules = (
			);
			dependencies = (
				EAB7CC3B20FC772A006D9C49 /* PBXTargetDependency */,
			);
			name = CoreGraphicsUITests;
			productName = CoreGraphicsUITests;
			productReference = EAB7CC3920FC772A006D9C49 /* CoreGraphicsUITests.xctest */;
			productType = "com.apple.product-type.bundle.ui-testing";
		};
/* End PBXNativeTarget section */

/* Begin PBXProject section */
		EAB7CC1220FC7726006D9C49 /* Project object */ = {
			isa = PBXProject;
			attributes = {
				LastSwiftUpdateCheck = 0930;
				LastUpgradeCheck = 0930;
				ORGANIZATIONNAME = AndyDeng;
				TargetAttributes = {
					EAB7CC1920FC7726006D9C49 = {
						CreatedOnToolsVersion = 9.3;
					};
					EAB7CC2D20FC772A006D9C49 = {
						CreatedOnToolsVersion = 9.3;
						TestTargetID = EAB7CC1920FC7726006D9C49;
					};
					EAB7CC3820FC772A006D9C49 = {
						CreatedOnToolsVersion = 9.3;
						TestTargetID = EAB7CC1920FC7726006D9C49;
					};
				};
			};
			buildConfigurationList = EAB7CC1520FC7726006D9C49 /* Build configuration list for PBXProject "CoreGraphics" */;
			compatibilityVersion = "Xcode 9.3";
			developmentRegion = en;
			hasScannedForEncodings = 0;
			knownRegions = (
				en,
				Base,
			);
			mainGroup = EAB7CC1120FC7726006D9C49;
			productRefGroup = EAB7CC1B20FC7726006D9C49 /* Products */;
			projectDirPath = "";
			projectRoot = "";
			targets = (
				EAB7CC1920FC7726006D9C49 /* CoreGraphics */,
				EAB7CC2D20FC772A006D9C49 /* CoreGraphicsTests */,
				EAB7CC3820FC772A006D9C49 /* CoreGraphicsUITests */,
			);
		};
/* End PBXProject section */

/* Begin PBXResourcesBuildPhase section */
		EAB7CC1820FC7726006D9C49 /* Resources */ = {
			isa = PBXResourcesBuildPhase;
			buildActionMask = 2147483647;
			files = (
				EAB7CC2820FC772A006D9C49 /* LaunchScreen.storyboard in Resources */,
				EAB7CC2520FC772A006D9C49 /* Assets.xcassets in Resources */,
				EAB7CC2320FC7726006D9C49 /* Main.storyboard in Resources */,
			);
			runOnlyForDeploymentPostprocessing = 0;
		};
		EAB7CC2C20FC772A006D9C49 /* Resources */ = {
			isa = PBXResourcesBuildPhase;
			buildActionMask = 2147483647;
			files = (
			);
			runOnlyForDeploymentPostprocessing = 0;
		};
		EAB7CC3720FC772A006D9C49 /* Resources */ = {
			isa = PBXResourcesBuildPhase;
			buildActionMask = 2147483647;
			files = (
			);
			runOnlyForDeploymentPostprocessing = 0;
		};
/* End PBXResourcesBuildPhase section */

/* Begin PBXSourcesBuildPhase section */
		EAB7CC1620FC7726006D9C49 /* Sources */ = {
			isa = PBXSourcesBuildPhase;
			buildActionMask = 2147483647;
			files = (
				EAB7CC2020FC7726006D9C49 /* ViewController.swift in Sources */,
				EAB7CC1E20FC7726006D9C49 /* AppDelegate.swift in Sources */,
			);
			runOnlyForDeploymentPostprocessing = 0;
		};
		EAB7CC2A20FC772A006D9C49 /* Sources */ = {
			isa = PBXSourcesBuildPhase;
			buildActionMask = 2147483647;
			files = (
				EAB7CC3320FC772A006D9C49 /* CoreGraphicsTests.swift in Sources */,
			);
			runOnlyForDeploymentPostprocessing = 0;
		};
		EAB7CC3520FC772A006D9C49 /* Sources */ = {
			isa = PBXSourcesBuildPhase;
			buildActionMask = 2147483647;
			files = (
				EAB7CC3E20FC772A006D9C49 /* CoreGraphicsUITests.swift in Sources */,
			);
			runOnlyForDeploymentPostprocessing = 0;
		};
/* End PBXSourcesBuildPhase section */

/* Begin PBXTargetDependency section */
		EAB7CC3020FC772A006D9C49 /* PBXTargetDependency */ = {
			isa = PBXTargetDependency;
			target = EAB7CC1920FC7726006D9C49 /* CoreGraphics */;
			targetProxy = EAB7CC2F20FC772A006D9C49 /* PBXContainerItemProxy */;
		};
		EAB7CC3B20FC772A006D9C49 /* PBXTargetDependency */ = {
			isa = PBXTargetDependency;
			target = EAB7CC1920FC7726006D9C49 /* CoreGraphics */;
			targetProxy = EAB7CC3A20FC772A006D9C49 /* PBXContainerItemProxy */;
		};
/* End PBXTargetDependency section */

/* Begin PBXVariantGroup section */
		EAB7CC2120FC7726006D9C49 /* Main.storyboard */ = {
			isa = PBXVariantGroup;
			children = (
				EAB7CC2220FC7726006D9C49 /* Base */,
			);
			name = Main.storyboard;
			sourceTree = "<group>";
		};
		EAB7CC2620FC772A006D9C49 /* LaunchScreen.storyboard */ = {
			isa = PBXVariantGroup;
			children = (
				EAB7CC2720FC772A006D9C49 /* Base */,
			);
			name = LaunchScreen.storyboard;
			sourceTree = "<group>";
		};
/* End PBXVariantGroup section */

/* Begin XCBuildConfiguration section */
		EAB7CC4020FC772A006D9C49 /* Debug */ = {
			isa = XCBuildConfiguration;
			buildSettings = {
				ALWAYS_SEARCH_USER_PATHS = NO;
				CLANG_ANALYZER_NONNULL = YES;
				CLANG_ANALYZER_NUMBER_OBJECT_CONVERSION = YES_AGGRESSIVE;
				CLANG_CXX_LANGUAGE_STANDARD = "gnu++14";
				CLANG_CXX_LIBRARY = "libc++";
				CLANG_ENABLE_MODULES = YES;
				CLANG_ENABLE_OBJC_ARC = YES;
				CLANG_ENABLE_OBJC_WEAK = YES;
				CLANG_WARN_BLOCK_CAPTURE_AUTORELEASING = YES;
				CLANG_WARN_BOOL_CONVERSION = YES;
				CLANG_WARN_COMMA = YES;
				CLANG_WARN_CONSTANT_CONVERSION = YES;
				CLANG_WARN_DEPRECATED_OBJC_IMPLEMENTATIONS = YES;
				CLANG_WARN_DIRECT_OBJC_ISA_USAGE = YES_ERROR;
				CLANG_WARN_DOCUMENTATION_COMMENTS = YES;
				CLANG_WARN_EMPTY_BODY = YES;
				CLANG_WARN_ENUM_CONVERSION = YES;
				CLANG_WARN_INFINITE_RECURSION = YES;
				CLANG_WARN_INT_CONVERSION = YES;
				CLANG_WARN_NON_LITERAL_NULL_CONVERSION = YES;
				CLANG_WARN_OBJC_IMPLICIT_RETAIN_SELF = YES;
				CLANG_WARN_OBJC_LITERAL_CONVERSION = YES;
				CLANG_WARN_OBJC_ROOT_CLASS = YES_ERROR;
				CLANG_WARN_RANGE_LOOP_ANALYSIS = YES;
				CLANG_WARN_STRICT_PROTOTYPES = YES;
				CLANG_WARN_SUSPICIOUS_MOVE = YES;
				CLANG_WARN_UNGUARDED_AVAILABILITY = YES_AGGRESSIVE;
				CLANG_WARN_UNREACHABLE_CODE = YES;
				CLANG_WARN__DUPLICATE_METHOD_MATCH = YES;
				CODE_SIGN_IDENTITY = "iPhone Developer";
				COPY_PHASE_STRIP = NO;
				DEBUG_INFORMATION_FORMAT = dwarf;
				ENABLE_STRICT_OBJC_MSGSEND = YES;
				ENABLE_TESTABILITY = YES;
				GCC_C_LANGUAGE_STANDARD = gnu11;
				GCC_DYNAMIC_NO_PIC = NO;
				GCC_NO_COMMON_BLOCKS = YES;
				GCC_OPTIMIZATION_LEVEL = 0;
				GCC_PREPROCESSOR_DEFINITIONS = (
					"DEBUG=1",
					"$(inherited)",
				);
				GCC_WARN_64_TO_32_BIT_CONVERSION = YES;
				GCC_WARN_ABOUT_RETURN_TYPE = YES_ERROR;
				GCC_WARN_UNDECLARED_SELECTOR = YES;
				GCC_WARN_UNINITIALIZED_AUTOS = YES_AGGRESSIVE;
				GCC_WARN_UNUSED_FUNCTION = YES;
				GCC_WARN_UNUSED_VARIABLE = YES;
				IPHONEOS_DEPLOYMENT_TARGET = 11.3;
				MTL_ENABLE_DEBUG_INFO = YES;
				ONLY_ACTIVE_ARCH = YES;
				SDKROOT = iphoneos;
				SWIFT_ACTIVE_COMPILATION_CONDITIONS = DEBUG;
				SWIFT_OPTIMIZATION_LEVEL = "-Onone";
			};
			name = Debug;
		};
		EAB7CC4120FC772A006D9C49 /* Release */ = {
			isa = XCBuildConfiguration;
			buildSettings = {
				ALWAYS_SEARCH_USER_PATHS = NO;
				CLANG_ANALYZER_NONNULL = YES;
				CLANG_ANALYZER_NUMBER_OBJECT_CONVERSION = YES_AGGRESSIVE;
				CLANG_CXX_LANGUAGE_STANDARD = "gnu++14";
				CLANG_CXX_LIBRARY = "libc++";
				CLANG_ENABLE_MODULES = YES;
				CLANG_ENABLE_OBJC_ARC = YES;
				CLANG_ENABLE_OBJC_WEAK = YES;
				CLANG_WARN_BLOCK_CAPTURE_AUTORELEASING = YES;
				CLANG_WARN_BOOL_CONVERSION = YES;
				CLANG_WARN_COMMA = YES;
				CLANG_WARN_CONSTANT_CONVERSION = YES;
				CLANG_WARN_DEPRECATED_OBJC_IMPLEMENTATIONS = YES;
				CLANG_WARN_DIRECT_OBJC_ISA_USAGE = YES_ERROR;
				CLANG_WARN_DOCUMENTATION_COMMENTS = YES;
				CLANG_WARN_EMPTY_BODY = YES;
				CLANG_WARN_ENUM_CONVERSION = YES;
				CLANG_WARN_INFINITE_RECURSION = YES;
				CLANG_WARN_INT_CONVERSION = YES;
				CLANG_WARN_NON_LITERAL_NULL_CONVERSION = YES;
				CLANG_WARN_OBJC_IMPLICIT_RETAIN_SELF = YES;
				CLANG_WARN_OBJC_LITERAL_CONVERSION = YES;
				CLANG_WARN_OBJC_ROOT_CLASS = YES_ERROR;
				CLANG_WARN_RANGE_LOOP_ANALYSIS = YES;
				CLANG_WARN_STRICT_PROTOTYPES = YES;
				CLANG_WARN_SUSPICIOUS_MOVE = YES;
				CLANG_WARN_UNGUARDED_AVAILABILITY = YES_AGGRESSIVE;
				CLANG_WARN_UNREACHABLE_CODE = YES;
				CLANG_WARN__DUPLICATE_METHOD_MATCH = YES;
				CODE_SIGN_IDENTITY = "iPhone Developer";
				COPY_PHASE_STRIP = NO;
				DEBUG_INFORMATION_FORMAT = "dwarf-with-dsym";
				ENABLE_NS_ASSERTIONS = NO;
				ENABLE_STRICT_OBJC_MSGSEND = YES;
				GCC_C_LANGUAGE_STANDARD = gnu11;
				GCC_NO_COMMON_BLOCKS = YES;
				GCC_WARN_64_TO_32_BIT_CONVERSION = YES;
				GCC_WARN_ABOUT_RETURN_TYPE = YES_ERROR;
				GCC_WARN_UNDECLARED_SELECTOR = YES;
				GCC_WARN_UNINITIALIZED_AUTOS = YES_AGGRESSIVE;
				GCC_WARN_UNUSED_FUNCTION = YES;
				GCC_WARN_UNUSED_VARIABLE = YES;
				IPHONEOS_DEPLOYMENT_TARGET = 11.3;
				MTL_ENABLE_DEBUG_INFO = NO;
				SDKROOT = iphoneos;
				SWIFT_COMPILATION_MODE = wholemodule;
				SWIFT_OPTIMIZATION_LEVEL = "-O";
				VALIDATE_PRODUCT = YES;
			};
			name = Release;
		};
		EAB7CC4320FC772A006D9C49 /* Debug */ = {
			isa = XCBuildConfiguration;
			buildSettings = {
				ASSETCATALOG_COMPILER_APPICON_NAME = AppIcon;
				CODE_SIGN_STYLE = Automatic;
				INFOPLIST_FILE = CoreGraphics/Info.plist;
				LD_RUNPATH_SEARCH_PATHS = (
					"$(inherited)",
					"@executable_path/Frameworks",
				);
				PRODUCT_BUNDLE_IDENTIFIER = zhongtian.CoreGraphics;
				PRODUCT_NAME = "$(TARGET_NAME)";
				SWIFT_VERSION = 4.0;
				TARGETED_DEVICE_FAMILY = "1,2";
			};
			name = Debug;
		};
		EAB7CC4420FC772A006D9C49 /* Release */ = {
			isa = XCBuildConfiguration;
			buildSettings = {
				ASSETCATALOG_COMPILER_APPICON_NAME = AppIcon;
				CODE_SIGN_STYLE = Automatic;
				INFOPLIST_FILE = CoreGraphics/Info.plist;
				LD_RUNPATH_SEARCH_PATHS = (
					"$(inherited)",
					"@executable_path/Frameworks",
				);
				PRODUCT_BUNDLE_IDENTIFIER = zhongtian.CoreGraphics;
				PRODUCT_NAME = "$(TARGET_NAME)";
				SWIFT_VERSION = 4.0;
				TARGETED_DEVICE_FAMILY = "1,2";
			};
			name = Release;
		};
		EAB7CC4620FC772A006D9C49 /* Debug */ = {
			isa = XCBuildConfiguration;
			buildSettings = {
				ALWAYS_EMBED_SWIFT_STANDARD_LIBRARIES = YES;
				BUNDLE_LOADER = "$(TEST_HOST)";
				CODE_SIGN_STYLE = Automatic;
				INFOPLIST_FILE = CoreGraphicsTests/Info.plist;
				LD_RUNPATH_SEARCH_PATHS = (
					"$(inherited)",
					"@executable_path/Frameworks",
					"@loader_path/Frameworks",
				);
				PRODUCT_BUNDLE_IDENTIFIER = zhongtian.CoreGraphicsTests;
				PRODUCT_NAME = "$(TARGET_NAME)";
				SWIFT_VERSION = 4.0;
				TARGETED_DEVICE_FAMILY = "1,2";
				TEST_HOST = "$(BUILT_PRODUCTS_DIR)/CoreGraphics.app/CoreGraphics";
			};
			name = Debug;
		};
		EAB7CC4720FC772A006D9C49 /* Release */ = {
			isa = XCBuildConfiguration;
			buildSettings = {
				ALWAYS_EMBED_SWIFT_STANDARD_LIBRARIES = YES;
				BUNDLE_LOADER = "$(TEST_HOST)";
				CODE_SIGN_STYLE = Automatic;
				INFOPLIST_FILE = CoreGraphicsTests/Info.plist;
				LD_RUNPATH_SEARCH_PATHS = (
					"$(inherited)",
					"@executable_path/Frameworks",
					"@loader_path/Frameworks",
				);
				PRODUCT_BUNDLE_IDENTIFIER = zhongtian.CoreGraphicsTests;
				PRODUCT_NAME = "$(TARGET_NAME)";
				SWIFT_VERSION = 4.0;
				TARGETED_DEVICE_FAMILY = "1,2";
				TEST_HOST = "$(BUILT_PRODUCTS_DIR)/CoreGraphics.app/CoreGraphics";
			};
			name = Release;
		};
		EAB7CC4920FC772A006D9C49 /* Debug */ = {
			isa = XCBuildConfiguration;
			buildSettings = {
				ALWAYS_EMBED_SWIFT_STANDARD_LIBRARIES = YES;
				CODE_SIGN_STYLE = Automatic;
				INFOPLIST_FILE = CoreGraphicsUITests/Info.plist;
				LD_RUNPATH_SEARCH_PATHS = (
					"$(inherited)",
					"@executable_path/Frameworks",
					"@loader_path/Frameworks",
				);
				PRODUCT_BUNDLE_IDENTIFIER = zhongtian.CoreGraphicsUITests;
				PRODUCT_NAME = "$(TARGET_NAME)";
				SWIFT_VERSION = 4.0;
				TARGETED_DEVICE_FAMILY = "1,2";
				TEST_TARGET_NAME = CoreGraphics;
			};
			name = Debug;
		};
		EAB7CC4A20FC772A006D9C49 /* Release */ = {
			isa = XCBuildConfiguration;
			buildSettings = {
				ALWAYS_EMBED_SWIFT_STANDARD_LIBRARIES = YES;
				CODE_SIGN_STYLE = Automatic;
				INFOPLIST_FILE = CoreGraphicsUITests/Info.plist;
				LD_RUNPATH_SEARCH_PATHS = (
					"$(inherited)",
					"@executable_path/Frameworks",
					"@loader_path/Frameworks",
				);
				PRODUCT_BUNDLE_IDENTIFIER = zhongtian.CoreGraphicsUITests;
				PRODUCT_NAME = "$(TARGET_NAME)";
				SWIFT_VERSION = 4.0;
				TARGETED_DEVICE_FAMILY = "1,2";
				TEST_TARGET_NAME = CoreGraphics;
			};
			name = Release;
		};
/* End XCBuildConfiguration section */

/* Begin XCConfigurationList section */
		EAB7CC1520FC7726006D9C49 /* Build configuration list for PBXProject "CoreGraphics" */ = {
			isa = XCConfigurationList;
			buildConfigurations = (
				EAB7CC4020FC772A006D9C49 /* Debug */,
				EAB7CC4120FC772A006D9C49 /* Release */,
			);
			defaultConfigurationIsVisible = 0;
			defaultConfigurationName = Release;
		};
		EAB7CC4220FC772A006D9C49 /* Build configuration list for PBXNativeTarget "CoreGraphics" */ = {
			isa = XCConfigurationList;
			buildConfigurations = (
				EAB7CC4320FC772A006D9C49 /* Debug */,
				EAB7CC4420FC772A006D9C49 /* Release */,
			);
			defaultConfigurationIsVisible = 0;
			defaultConfigurationName = Release;
		};
		EAB7CC4520FC772A006D9C49 /* Build configuration list for PBXNativeTarget "CoreGraphicsTests" */ = {
			isa = XCConfigurationList;
			buildConfigurations = (
				EAB7CC4620FC772A006D9C49 /* Debug */,
				EAB7CC4720FC772A006D9C49 /* Release */,
			);
			defaultConfigurationIsVisible = 0;
			defaultConfigurationName = Release;
		};
		EAB7CC4820FC772A006D9C49 /* Build configuration list for PBXNativeTarget "CoreGraphicsUITests" */ = {
			isa = XCConfigurationList;
			buildConfigurations = (
				EAB7CC4920FC772A006D9C49 /* Debug */,
				EAB7CC4A20FC772A006D9C49 /* Release */,
			);
			defaultConfigurationIsVisible = 0;
			defaultConfigurationName = Release;
		};
/* End XCConfigurationList section */
	};
	rootObject = EAB7CC1220FC7726006D9C49 /* Project object */;
}
